{
  "version": 2,
  "dependencies": {
    "net8.0": {
      "Microsoft.SemanticKernel": {
        "type": "Direct",
        "requested": "[1.17.1, )",
        "resolved": "1.17.1",
        "contentHash": "BHmKUEUJGkmg+zvKnJOx65v7aOLCY8udiSiFrJi3S4YYS7XxRWYXwajA1l7l+MxdP0c4XhhZ177dQwmGswgJQA==",
        "dependencies": {
          "Microsoft.SemanticKernel.Connectors.OpenAI": "1.17.1",
          "Microsoft.SemanticKernel.Core": "1.17.1"
        }
      },
      "Azure.AI.OpenAI": {
        "type": "Transitive",
        "resolved": "1.0.0-beta.17",
        "contentHash": "cYTqSHxST4+xyXWa+J0TFid8r5/pX/qLxQ22jynSHY2ACe93rnZ5GPiNtZ06c4pWvm1TPX5aJntED6im6xnzCA==",
        "dependencies": {
          "Azure.Core": "1.39.0",
          "System.ClientModel": "1.0.0",
          "System.Text.Json": "4.7.2"
        }
      },
      "Azure.Core": {
        "type": "Transitive",
        "resolved": "1.39.0",
        "contentHash": "9vaV4ZICtVQp+2wjOKrIAjEjMzBkUohaBbKGqqcTW993MRfHA0N4L1BszQjWynS7lRvlYQLxaFK4wh9ewNm4HQ==",
        "dependencies": {
          "Microsoft.Bcl.AsyncInterfaces": "1.1.1",
          "System.ClientModel": "1.0.0",
          "System.Diagnostics.DiagnosticSource": "6.0.1",
          "System.Memory.Data": "1.0.2",
          "System.Numerics.Vectors": "4.5.0",
          "System.Text.Encodings.Web": "4.7.2",
          "System.Text.Json": "4.7.2",
          "System.Threading.Tasks.Extensions": "4.5.4"
        }
      },
      "Google.Apis": {
        "type": "Transitive",
        "resolved": "1.68.0",
        "contentHash": "s2MymhdpH+ybZNBeZ2J5uFgFHApBp+QXf9FjZSdM1lk/vx5VqIknJwnaWiuAzXxPrLEkesX0Q+UsiWn39yZ9zw==",
        "dependencies": {
          "Google.Apis.Core": "1.68.0"
        }
      },
      "Google.Apis.Auth": {
        "type": "Transitive",
        "resolved": "1.68.0",
        "contentHash": "hFx8Qz5bZ4w0hpnn4tSmZaaFpjAMsgVElZ+ZgVLUZ2r9i+AKcoVgwiNfv1pruNS5cCvpXqhKECbruBCfRezPHA==",
        "dependencies": {
          "Google.Apis": "1.68.0",
          "Google.Apis.Core": "1.68.0",
          "System.Management": "7.0.2"
        }
      },
      "Google.Apis.Core": {
        "type": "Transitive",
        "resolved": "1.68.0",
        "contentHash": "pAqwa6pfu53UXCR2b7A/PAPXeuVg6L1OFw38WckN27NU2+mf+KTjoEg2YGv/f0UyKxzz7DxF1urOTKg/6dTP9g==",
        "dependencies": {
          "Newtonsoft.Json": "13.0.3"
        }
      },
      "MassTransit.Abstractions": {
        "type": "Transitive",
        "resolved": "8.2.5",
        "contentHash": "TcAV7ZEdXTrw6D74g55mlEYLBBQvsifNrdfwt0UCps7mZVBoXoS3fvMHCQguRgj+6k1Q1qEV9kZa0aUOT7GcPQ=="
      },
      "Microsoft.AspNetCore.Connections.Abstractions": {
        "type": "Transitive",
        "resolved": "8.0.8",
        "contentHash": "Qf1C5WlKogCGl7jBthegWpRhxknayYUj/T5t/iFqEif9TdhpHv2o+dwgBFRNov3bdVQtK9gvmnPYsxaorBvpHA==",
        "dependencies": {
          "Microsoft.Extensions.Features": "8.0.8",
          "System.IO.Pipelines": "8.0.0"
        }
      },
      "Microsoft.AspNetCore.Http.Connections.Client": {
        "type": "Transitive",
        "resolved": "8.0.8",
        "contentHash": "eAOn2qAuVUo4QH+kUhj03MHshpdffT50JmoRAbtcbaKiciIcNeSW+dpa6vnrAZ2abKBCWdHPECPxzC1W8KnCtQ==",
        "dependencies": {
          "Microsoft.AspNetCore.Http.Connections.Common": "8.0.8",
          "Microsoft.Extensions.Logging.Abstractions": "8.0.1",
          "Microsoft.Extensions.Options": "8.0.2"
        }
      },
      "Microsoft.AspNetCore.Http.Connections.Common": {
        "type": "Transitive",
        "resolved": "8.0.8",
        "contentHash": "+dH9RZFAsiqi8ATIiZGfPYpet6BFvoHCBh01uYocMyI2QUlu/vT23BYc2ciAlLq0ljFha8CQ59th4wknWdDa+g==",
        "dependencies": {
          "Microsoft.AspNetCore.Connections.Abstractions": "8.0.8"
        }
      },
      "Microsoft.AspNetCore.SignalR.Client.Core": {
        "type": "Transitive",
        "resolved": "8.0.8",
        "contentHash": "vvAKtgewQ6E4qhIH88QRv/x9OKKI2duhzojJH6sI8eTn1yvR6cdMD780KIs6//0HXkRDJZspqiLH2jHltKQpPQ==",
        "dependencies": {
          "Microsoft.AspNetCore.SignalR.Common": "8.0.8",
          "Microsoft.AspNetCore.SignalR.Protocols.Json": "8.0.8",
          "Microsoft.Extensions.DependencyInjection": "8.0.0",
          "Microsoft.Extensions.Logging": "8.0.0",
          "System.Threading.Channels": "8.0.0"
        }
      },
      "Microsoft.AspNetCore.SignalR.Common": {
        "type": "Transitive",
        "resolved": "8.0.8",
        "contentHash": "n4WyR53huf+azYAr0upo3SVHEMQPbuGfeAGOpx+WEMxGqKtkHiWHoRkTrxL89Q4Hd1Qok4mF80o3x7yuS8qXFA==",
        "dependencies": {
          "Microsoft.AspNetCore.Connections.Abstractions": "8.0.8",
          "Microsoft.Extensions.Options": "8.0.2"
        }
      },
      "Microsoft.AspNetCore.SignalR.Protocols.Json": {
        "type": "Transitive",
        "resolved": "8.0.8",
        "contentHash": "8iqF3voCEzs4hfPNU/MVodtxfg1qpl6O0OUy5uJyzuSWfS4SKY8Vwgr78FgBGvAuRI130eDFV5BHWXAOoMG4eQ==",
        "dependencies": {
          "Microsoft.AspNetCore.SignalR.Common": "8.0.8"
        }
      },
      "Microsoft.Bcl.AsyncInterfaces": {
        "type": "Transitive",
        "resolved": "8.0.0",
        "contentHash": "3WA9q9yVqJp222P3x1wYIGDAkpjAku0TMUaaQV22g6L67AI0LdOIrVS7Ht2vJfLHGSPVuqN94vIr15qn+HEkHw=="
      },
      "Microsoft.Bcl.HashCode": {
        "type": "Transitive",
        "resolved": "1.1.1",
        "contentHash": "MalY0Y/uM/LjXtHfX/26l2VtN4LDNZ2OE3aumNOHDLsT4fNYy2hiHXI4CXCqKpNUNm7iJ2brrc4J89UdaL56FA=="
      },
      "Microsoft.EntityFrameworkCore.Analyzers": {
        "type": "Transitive",
        "resolved": "8.0.8",
        "contentHash": "OlAXMU+VQgLz5y5/SBkLvAa9VeiR3dlJqgIebEEH2M2NGA3evm68/Tv7SLWmSxwnEAtA3nmDEZF2pacK6eXh4Q=="
      },
      "Microsoft.Extensions.Caching.Abstractions": {
        "type": "Transitive",
        "resolved": "8.0.0",
        "contentHash": "3KuSxeHoNYdxVYfg2IRZCThcrlJ1XJqIXkAWikCsbm5C/bCjv7G0WoKDyuR98Q+T607QT2Zl5GsbGRkENcV2yQ==",
        "dependencies": {
          "Microsoft.Extensions.Primitives": "8.0.0"
        }
      },
      "Microsoft.Extensions.Caching.Memory": {
        "type": "Transitive",
        "resolved": "8.0.0",
        "contentHash": "7pqivmrZDzo1ADPkRwjy+8jtRKWRCPag9qPI+p7sgu7Q4QreWhcvbiWXsbhP+yY8XSiDvZpu2/LWdBv7PnmOpQ==",
        "dependencies": {
          "Microsoft.Extensions.Caching.Abstractions": "8.0.0",
          "Microsoft.Extensions.DependencyInjection.Abstractions": "8.0.0",
          "Microsoft.Extensions.Logging.Abstractions": "8.0.0",
          "Microsoft.Extensions.Options": "8.0.0",
          "Microsoft.Extensions.Primitives": "8.0.0"
        }
      },
      "Microsoft.Extensions.Configuration.Abstractions": {
        "type": "Transitive",
        "resolved": "8.0.0",
        "contentHash": "3lE/iLSutpgX1CC0NOW70FJoGARRHbyKmG7dc0klnUZ9Dd9hS6N/POPWhKhMLCEuNN5nXEY5agmlFtH562vqhQ==",
        "dependencies": {
          "Microsoft.Extensions.Primitives": "8.0.0"
        }
      },
      "Microsoft.Extensions.DependencyInjection": {
        "type": "Transitive",
        "resolved": "8.0.0",
        "contentHash": "V8S3bsm50ig6JSyrbcJJ8bW2b9QLGouz+G1miK3UTaOWmMtFwNNNzUf4AleyDWUmTrWMLNnFSLEQtxmxgNQnNQ==",
        "dependencies": {
          "Microsoft.Extensions.DependencyInjection.Abstractions": "8.0.0"
        }
      },
      "Microsoft.Extensions.DependencyInjection.Abstractions": {
        "type": "Transitive",
        "resolved": "8.0.1",
        "contentHash": "fGLiCRLMYd00JYpClraLjJTNKLmMJPnqxMaiRzEBIIvevlzxz33mXy39Lkd48hu1G+N21S7QpaO5ZzKsI6FRuA=="
      },
      "Microsoft.Extensions.Diagnostics.Abstractions": {
        "type": "Transitive",
        "resolved": "8.0.0",
        "contentHash": "JHYCQG7HmugNYUhOl368g+NMxYE/N/AiclCYRNlgCY9eVyiBkOHMwK4x60RYMxv9EL3+rmj1mqHvdCiPpC+D4Q==",
        "dependencies": {
          "Microsoft.Extensions.DependencyInjection.Abstractions": "8.0.0",
          "Microsoft.Extensions.Options": "8.0.0",
          "System.Diagnostics.DiagnosticSource": "8.0.0"
        }
      },
      "Microsoft.Extensions.Diagnostics.HealthChecks": {
        "type": "Transitive",
        "resolved": "8.0.0",
        "contentHash": "P9SoBuVZhJPpALZmSq72aQEb9ryP67EdquaCZGXGrrcASTNHYdrUhnpgSwIipgM5oVC+dKpRXg5zxobmF9xr5g==",
        "dependencies": {
          "Microsoft.Extensions.Diagnostics.HealthChecks.Abstractions": "8.0.0",
          "Microsoft.Extensions.Hosting.Abstractions": "8.0.0",
          "Microsoft.Extensions.Logging.Abstractions": "8.0.0",
          "Microsoft.Extensions.Options": "8.0.0"
        }
      },
      "Microsoft.Extensions.Diagnostics.HealthChecks.Abstractions": {
        "type": "Transitive",
        "resolved": "8.0.0",
        "contentHash": "AT2qqos3IgI09ok36Qag9T8bb6kHJ3uT9Q5ki6CySybFsK6/9JbvQAgAHf1pVEjST0/N4JaFaCbm40R5edffwg=="
      },
      "Microsoft.Extensions.Features": {
        "type": "Transitive",
        "resolved": "8.0.8",
        "contentHash": "twQ7HVVebAchBSLM5VsPeS/rwri3HJwxv22+wUQppr0ByUke97Ipw38gwGqFAnG2dz08N5LicKW2wpNtRng6Fw=="
      },
      "Microsoft.Extensions.FileProviders.Abstractions": {
        "type": "Transitive",
        "resolved": "8.0.0",
        "contentHash": "ZbaMlhJlpisjuWbvXr4LdAst/1XxH3vZ6A0BsgTphZ2L4PGuxRLz7Jr/S7mkAAnOn78Vu0fKhEgNF5JO3zfjqQ==",
        "dependencies": {
          "Microsoft.Extensions.Primitives": "8.0.0"
        }
      },
      "Microsoft.Extensions.Hosting.Abstractions": {
        "type": "Transitive",
        "resolved": "8.0.0",
        "contentHash": "AG7HWwVRdCHlaA++1oKDxLsXIBxmDpMPb3VoyOoAghEWnkUvEAdYQUwnV4jJbAaa/nMYNiEh5ByoLauZBEiovg==",
        "dependencies": {
          "Microsoft.Extensions.Configuration.Abstractions": "8.0.0",
          "Microsoft.Extensions.DependencyInjection.Abstractions": "8.0.0",
          "Microsoft.Extensions.Diagnostics.Abstractions": "8.0.0",
          "Microsoft.Extensions.FileProviders.Abstractions": "8.0.0",
          "Microsoft.Extensions.Logging.Abstractions": "8.0.0"
        }
      },
      "Microsoft.Extensions.Logging": {
        "type": "Transitive",
        "resolved": "8.0.0",
        "contentHash": "tvRkov9tAJ3xP51LCv3FJ2zINmv1P8Hi8lhhtcKGqM+ImiTCC84uOPEI4z8Cdq2C3o9e+Aa0Gw0rmrsJD77W+w==",
        "dependencies": {
          "Microsoft.Extensions.DependencyInjection": "8.0.0",
          "Microsoft.Extensions.Logging.Abstractions": "8.0.0",
          "Microsoft.Extensions.Options": "8.0.0"
        }
      },
      "Microsoft.Extensions.Logging.Abstractions": {
        "type": "Transitive",
        "resolved": "8.0.1",
        "contentHash": "RIFgaqoaINxkM2KTOw72dmilDmTrYA0ns2KW4lDz4gZ2+o6IQ894CzmdL3StM2oh7QQq44nCWiqKqc4qUI9Jmg==",
        "dependencies": {
          "Microsoft.Extensions.DependencyInjection.Abstractions": "8.0.1"
        }
      },
      "Microsoft.Extensions.Options": {
        "type": "Transitive",
        "resolved": "8.0.2",
        "contentHash": "dWGKvhFybsaZpGmzkGCbNNwBD1rVlWzrZKANLW/CcbFJpCEceMCGzT7zZwHOGBCbwM0SzBuceMj5HN1LKV1QqA==",
        "dependencies": {
          "Microsoft.Extensions.DependencyInjection.Abstractions": "8.0.0",
          "Microsoft.Extensions.Primitives": "8.0.0"
        }
      },
      "Microsoft.Extensions.Primitives": {
        "type": "Transitive",
        "resolved": "8.0.0",
        "contentHash": "bXJEZrW9ny8vjMF1JV253WeLhpEVzFo1lyaZu1vQ4ZxWUlVvknZ/+ftFgVheLubb4eZPSwwxBeqS1JkCOjxd8g=="
      },
      "Microsoft.SemanticKernel.Abstractions": {
        "type": "Transitive",
        "resolved": "1.17.1",
        "contentHash": "b1v4P0VJKG1TEnFWoABchqO35BtujPDrxDrocVIi4c72agIisouFOHIfbZg5Oe7e1skO1sqbgWLNoWyt/3WNLA==",
        "dependencies": {
          "Microsoft.Bcl.AsyncInterfaces": "8.0.0",
          "Microsoft.Bcl.HashCode": "1.1.1",
          "Microsoft.Extensions.DependencyInjection.Abstractions": "8.0.1",
          "Microsoft.Extensions.Logging.Abstractions": "8.0.1",
          "System.Diagnostics.DiagnosticSource": "8.0.1",
          "System.Text.Json": "8.0.4"
        }
      },
      "Microsoft.SemanticKernel.Connectors.OpenAI": {
        "type": "Transitive",
        "resolved": "1.17.1",
        "contentHash": "yoAitEz5GCGBUly//Tiz8bO7UPKRhcKfp7HXEryheAJXQrx3WchJZc3vszyDyZbNMCqUgyMi+sBBGqGnO7oehQ==",
        "dependencies": {
          "Azure.AI.OpenAI": "1.0.0-beta.17",
          "Microsoft.SemanticKernel.Core": "1.17.1"
        }
      },
      "Microsoft.SemanticKernel.Core": {
        "type": "Transitive",
        "resolved": "1.17.1",
        "contentHash": "lYzzv03UF6LLLZxl1P+ea05o0Neqa569xoQ6gMieSbYMWrFDnV3sF6tK6xMMT7JNFAGG9aWgSTt0TFumFvaHqA==",
        "dependencies": {
          "Microsoft.Extensions.DependencyInjection": "8.0.0",
          "Microsoft.SemanticKernel.Abstractions": "1.17.1"
        }
      },
      "NetTopologySuite": {
        "type": "Transitive",
        "resolved": "2.5.0",
        "contentHash": "5/+2O2ADomEdUn09mlSigACdqvAf0m/pVPGtIPEPQWnyrVykYY0NlfXLIdkMgi41kvH9kNrPqYaFBTZtHYH7Xw==",
        "dependencies": {
          "System.Memory": "4.5.4"
        }
      },
      "NetTopologySuite.IO.PostGis": {
        "type": "Transitive",
        "resolved": "2.1.0",
        "contentHash": "3W8XTFz8iP6GQ5jDXK1/LANHiU+988k1kmmuPWNKcJLpmSg6CvFpbTpz+s4+LBzkAp64wHGOldSlkSuzYfrIKA==",
        "dependencies": {
          "NetTopologySuite": "[2.0.0, 3.0.0-A)"
        }
      },
      "Newtonsoft.Json": {
        "type": "Transitive",
        "resolved": "13.0.3",
        "contentHash": "HrC5BXdl00IP9zeV+0Z848QWPAoCr9P3bDEZguI+gkLcBKAOxix/tLEAAHC+UvDNPv4a2d18lOReHMOagPa+zQ=="
      },
      "Npgsql": {
        "type": "Transitive",
        "resolved": "8.0.3",
        "contentHash": "6WEmzsQJCZAlUG1pThKg/RmeF6V+I0DmBBBE/8YzpRtEzhyZzKcK7ulMANDm5CkxrALBEC8H+5plxHWtIL7xnA==",
        "dependencies": {
          "Microsoft.Extensions.Logging.Abstractions": "8.0.0"
        }
      },
      "Npgsql.NetTopologySuite": {
        "type": "Transitive",
        "resolved": "8.0.3",
        "contentHash": "Lvz8BOojjhbn9hA9D7+NLUfj5poKhU4wAgKWC9Gj5fFt73JZpMBdm9tea0yyXPR89GYa7nhYpPYP2L28lBb1Wg==",
        "dependencies": {
          "NetTopologySuite": "2.5.0",
          "NetTopologySuite.IO.PostGIS": "2.1.0",
          "Npgsql": "8.0.3"
        }
      },
      "Pgvector": {
        "type": "Transitive",
        "resolved": "0.3.0",
        "contentHash": "asa5XkgE3rXCNi5qHGavWZ5w+pmqWjjM1T5vN5VuPaKqV52h4TLiOM9ZJFofYgYtfhReo1QWe4NeD+hbv7ydfw==",
        "dependencies": {
          "Npgsql": "8.0.3"
        }
      },
      "System.ClientModel": {
        "type": "Transitive",
        "resolved": "1.0.0",
        "contentHash": "I3CVkvxeqFYjIVEP59DnjbeoGNfo/+SZrCLpRz2v/g0gpCHaEMPtWSY0s9k/7jR1rAsLNg2z2u1JRB76tPjnIw==",
        "dependencies": {
          "System.Memory.Data": "1.0.2",
          "System.Text.Json": "4.7.2"
        }
      },
      "System.CodeDom": {
        "type": "Transitive",
        "resolved": "7.0.0",
        "contentHash": "GLltyqEsE5/3IE+zYRP5sNa1l44qKl9v+bfdMcwg+M9qnQf47wK3H0SUR/T+3N4JEQXF3vV4CSuuo0rsg+nq2A=="
      },
      "System.Diagnostics.DiagnosticSource": {
        "type": "Transitive",
        "resolved": "8.0.1",
        "contentHash": "vaoWjvkG1aenR2XdjaVivlCV9fADfgyhW5bZtXT23qaEea0lWiUljdQuze4E31vKM7ZWJaSUsbYIKE3rnzfZUg=="
      },
      "System.IO.Pipelines": {
        "type": "Transitive",
        "resolved": "8.0.0",
        "contentHash": "FHNOatmUq0sqJOkTx+UF/9YK1f180cnW5FVqnQMvYUN0elp6wFzbtPSiqbo1/ru8ICp43JM1i7kKkk6GsNGHlA=="
      },
      "System.Management": {
        "type": "Transitive",
        "resolved": "7.0.2",
        "contentHash": "/qEUN91mP/MUQmJnM5y5BdT7ZoPuVrtxnFlbJ8a3kBJGhe2wCzBfnPFtK2wTtEEcf3DMGR9J00GZZfg6HRI6yA==",
        "dependencies": {
          "System.CodeDom": "7.0.0"
        }
      },
      "System.Memory": {
        "type": "Transitive",
        "resolved": "4.5.4",
        "contentHash": "1MbJTHS1lZ4bS4FmsJjnuGJOu88ZzTT2rLvrhW7Ygic+pC0NWA+3hgAen0HRdsocuQXCkUTdFn9yHJJhsijDXw=="
      },
      "System.Memory.Data": {
        "type": "Transitive",
        "resolved": "1.0.2",
        "contentHash": "JGkzeqgBsiZwKJZ1IxPNsDFZDhUvuEdX8L8BDC8N3KOj+6zMcNU28CNN59TpZE/VJYy9cP+5M+sbxtWJx3/xtw==",
        "dependencies": {
          "System.Text.Encodings.Web": "4.7.2",
          "System.Text.Json": "4.6.0"
        }
      },
      "System.Net.Http.Json": {
        "type": "Transitive",
        "resolved": "8.0.0",
        "contentHash": "48Bxrd6zcGeQzS4GMEDVjuqCcAw/9wcEWnIu48FQJ5IzfKPiMR1nGtz9LrvGzU4+3TLbx/9FDlGmCUeLin1Eqg==",
        "dependencies": {
          "System.Text.Json": "8.0.0"
        }
      },
      "System.Numerics.Vectors": {
        "type": "Transitive",
        "resolved": "4.5.0",
        "contentHash": "QQTlPTl06J/iiDbJCiepZ4H//BVraReU4O4EoRw1U02H5TLUIT7xn3GnDp9AXPSlJUDyFs4uWjWafNX6WrAojQ=="
      },
      "System.Text.Encodings.Web": {
        "type": "Transitive",
        "resolved": "8.0.0",
        "contentHash": "yev/k9GHAEGx2Rg3/tU6MQh4HGBXJs70y7j1LaM1i/ER9po+6nnQ6RRqTJn1E7Xu0fbIFK80Nh5EoODxrbxwBQ=="
      },
      "System.Threading.Channels": {
        "type": "Transitive",
        "resolved": "8.0.0",
        "contentHash": "CMaFr7v+57RW7uZfZkPExsPB6ljwzhjACWW1gfU35Y56rk72B/Wu+sTqxVmGSk4SFUlPc3cjeKND0zktziyjBA=="
      },
      "System.Threading.Tasks.Extensions": {
        "type": "Transitive",
        "resolved": "4.5.4",
        "contentHash": "zteT+G8xuGu6mS+mzDzYXbzS7rd3K6Fjb9RiZlYlJPam2/hU7JCBZBVEcywNuR+oZ1ncTvc/cq0faRr3P01OVg=="
      },
      "aidemo.contracts": {
        "type": "Project",
        "dependencies": {
          "Google.Apis.PeopleService.v1": "[1.68.0.3359, )",
          "Microsoft.EntityFrameworkCore.Abstractions": "[8.0.8, )",
          "refit": "[7.1.2, )"
        }
      },
      "aidemo.entities": {
        "type": "Project",
        "dependencies": {
          "AIDemo.Contracts": "[1.0.0, )",
          "Microsoft.EntityFrameworkCore": "[8.0.8, )",
          "Npgsql.EntityFrameworkCore.PostgreSQL.NetTopologySuite": "[8.0.4, )",
          "Pgvector.EntityFrameworkCore": "[0.2.1, )"
        }
      },
      "aidemo.hubs": {
        "type": "Project",
        "dependencies": {
          "AIDemo.Contracts": "[1.0.0, )",
          "AIDemo.Entities": "[1.0.0, )",
          "MassTransit": "[8.2.5, )",
          "Microsoft.AspNetCore.SignalR.Client": "[8.0.8, )"
        }
      },
      "Google.Apis.PeopleService.v1": {
        "type": "CentralTransitive",
        "requested": "[1.68.0.3359, )",
        "resolved": "1.68.0.3359",
        "contentHash": "zD4nrGQDZqkbap9mET1c9VlpyjjAqz0hZIR0tcqT8aLPlOTj+J1Mvzm+otZ6lFpt8JEltKUZNj+pDu0D7nNVGg==",
        "dependencies": {
          "Google.Apis": "1.68.0",
          "Google.Apis.Auth": "1.68.0"
        }
      },
      "MassTransit": {
        "type": "CentralTransitive",
        "requested": "[8.2.5, )",
        "resolved": "8.2.5",
        "contentHash": "b/gNaT6IxX+BZnLCLTzjqia5iQJxpmIGOjPiLnD6SLBRX9tyIsYVNKPAqQ6txNe2ztOOaW4ntef84VxSvA0IEA==",
        "dependencies": {
          "MassTransit.Abstractions": "8.2.5",
          "Microsoft.Extensions.DependencyInjection.Abstractions": "8.0.0",
          "Microsoft.Extensions.Diagnostics.HealthChecks": "8.0.0",
          "Microsoft.Extensions.Hosting.Abstractions": "8.0.0",
          "Microsoft.Extensions.Logging.Abstractions": "8.0.0",
          "Microsoft.Extensions.Options": "8.0.0"
        }
      },
      "Microsoft.AspNetCore.SignalR.Client": {
        "type": "CentralTransitive",
        "requested": "[8.0.8, )",
        "resolved": "8.0.8",
        "contentHash": "a41cXpQDnGNsrAKOLtNtPVnnQxcl7ThHzlUSpgkG7fZZYAT6gBppn/lbQ8M73BcRh3p71TExpNyZ4eefLkvTUg==",
        "dependencies": {
          "Microsoft.AspNetCore.Http.Connections.Client": "8.0.8",
          "Microsoft.AspNetCore.SignalR.Client.Core": "8.0.8"
        }
      },
      "Microsoft.EntityFrameworkCore": {
        "type": "CentralTransitive",
        "requested": "[8.0.8, )",
        "resolved": "8.0.8",
        "contentHash": "iK+jrJzkfbIxutB7or808BPmJtjUEi5O+eSM7cLDwsyde6+3iOujCSfWnrHrLxY3u+EQrJD+aD8DJ6ogPA2Rtw==",
        "dependencies": {
          "Microsoft.EntityFrameworkCore.Abstractions": "8.0.8",
          "Microsoft.EntityFrameworkCore.Analyzers": "8.0.8",
          "Microsoft.Extensions.Caching.Memory": "8.0.0",
          "Microsoft.Extensions.Logging": "8.0.0"
        }
      },
      "Microsoft.EntityFrameworkCore.Abstractions": {
        "type": "CentralTransitive",
        "requested": "[8.0.8, )",
        "resolved": "8.0.8",
        "contentHash": "9mMQkZsfL1c2iifBD8MWRmwy59rvsVtR9NOezJj7+g1j4P7g49MJHd8k8faC/v7d5KuHkQ6KOQiSItvoRt9PXA=="
      },
      "Microsoft.EntityFrameworkCore.Relational": {
        "type": "CentralTransitive",
        "requested": "[8.0.8, )",
        "resolved": "8.0.4",
        "contentHash": "aWLT6e9a8oMzXgF0YQpYYa3mDeU+yb2UQSQ+RrIgyGgSpzPfSKgpA7v2kOVDuZr2AQ6NNAlWPaBG7wZuKQI96w==",
        "dependencies": {
          "Microsoft.EntityFrameworkCore": "8.0.4",
          "Microsoft.Extensions.Configuration.Abstractions": "8.0.0"
        }
      },
      "Npgsql.EntityFrameworkCore.PostgreSQL": {
        "type": "CentralTransitive",
        "requested": "[8.0.4, )",
        "resolved": "8.0.4",
        "contentHash": "/hHd9MqTRVDgIpsToCcxMDxZqla0HAQACiITkq1+L9J2hmHKV6lBAPlauF+dlNSfHpus7rrljWx4nAanKD6qAw==",
        "dependencies": {
          "Microsoft.EntityFrameworkCore": "8.0.4",
          "Microsoft.EntityFrameworkCore.Abstractions": "8.0.4",
          "Microsoft.EntityFrameworkCore.Relational": "8.0.4",
          "Npgsql": "8.0.3"
        }
      },
      "Npgsql.EntityFrameworkCore.PostgreSQL.NetTopologySuite": {
        "type": "CentralTransitive",
        "requested": "[8.0.4, )",
        "resolved": "8.0.4",
        "contentHash": "H4k6jTunSNB8VXW5GqFyq+fWUcz/u6CenUlk9vi+C5TXdMJAXbBIclcUlITjVPd/XRQvT0UnVrt8njEYrwdMRA==",
        "dependencies": {
          "Npgsql.EntityFrameworkCore.PostgreSQL": "8.0.4",
          "Npgsql.NetTopologySuite": "8.0.3"
        }
      },
      "Pgvector.EntityFrameworkCore": {
        "type": "CentralTransitive",
        "requested": "[0.2.1, )",
        "resolved": "0.2.1",
        "contentHash": "P3h1U7ajdIGqwTQZASdEMMrL5j4Kzc6s8o/1HX3Tc+zeeQPgcXMC1cymJY4ZVzEtBkL4rB9TG8PcaxxQd6kx2Q==",
        "dependencies": {
          "Npgsql.EntityFrameworkCore.PostgreSQL": "8.0.0",
          "Pgvector": "0.3.0"
        }
      },
      "Refit": {
        "type": "CentralTransitive",
        "requested": "[7.1.2, )",
        "resolved": "7.1.2",
        "contentHash": "ZB1ZgciDq/lNz3OAPfYah4rCVYeI4LMxEksYUff8p4Bth9uf/8WQCXuzMckRJjh3NLysuwdCNkgxnezCm1SqTw==",
        "dependencies": {
          "System.Net.Http.Json": "8.0.0"
        }
      },
      "System.Text.Json": {
        "type": "CentralTransitive",
        "requested": "[8.0.4, )",
        "resolved": "8.0.4",
        "contentHash": "bAkhgDJ88XTsqczoxEMliSrpijKZHhbJQldhAmObj/RbrN3sU5dcokuXmWJWsdQAhiMJ9bTayWsL1C9fbbCRhw==",
        "dependencies": {
          "System.Text.Encodings.Web": "8.0.0"
        }
      }
    }
  }
}