
Microsoft Visual Studio Solution File, Format Version 12.00
# Visual Studio Version 17
VisualStudioVersion = 17.0.31903.59
MinimumVisualStudioVersion = 10.0.40219.1
Project("{2150E333-8FDC-42A3-9474-1A3956D46DE8}") = "_scripts", "_scripts", "{7FCDD3F2-5976-443D-B5C2-AC71C062C0FB}"
	ProjectSection(SolutionItems) = preProject
		script\bootstrap = script\bootstrap
		script\build = script\build
		script\clean = script\clean
		script\ef = script\ef
		script\fmt = script\fmt
		script\helpers\_utils.sh = script\helpers\_utils.sh
		script\server = script\server
		script\user-secrets = script\user-secrets
		script\watch = script\watch
	EndProjectSection
EndProject
Project("{2150E333-8FDC-42A3-9474-1A3956D46DE8}") = "helpers", "helpers", "{367AFC48-B548-40A9-9DEC-B56979EC7082}"
	ProjectSection(SolutionItems) = preProject
		script\helpers\_utils.sh = script\helpers\_utils.sh
	EndProjectSection
EndProject
Project("{2150E333-8FDC-42A3-9474-1A3956D46DE8}") = "_build", "_build", "{8BFD7B1C-87A2-44FC-B09C-277F7B49EE8B}"
	ProjectSection(SolutionItems) = preProject
		.gitattributes = .gitattributes
		.gitignore = .gitignore
		Directory.Build.props = Directory.Build.props
		Directory.Build.targets = Directory.Build.targets
		src\Directory.Packages.props = src\Directory.Packages.props
		.github\problemMatchers\dotnet-format.json = .github\problemMatchers\dotnet-format.json
		.github\problemMatchers\eslint-compact.json = .github\problemMatchers\eslint-compact.json
	EndProjectSection
EndProject
Project("{2150E333-8FDC-42A3-9474-1A3956D46DE8}") = "_meta", "_meta", "{7C657BF1-2A3D-4AED-80A6-843396D4B979}"
	ProjectSection(SolutionItems) = preProject
		README.md = README.md
	EndProjectSection
EndProject
Project("{FAE04EC0-301F-11D3-BF4B-00C04F79EFBC}") = "UnitTests", "tests\UnitTests\UnitTests.csproj", "{E5AB31CE-B06A-4F6B-BFFF-21E432626739}"
EndProject
Project("{2150E333-8FDC-42A3-9474-1A3956D46DE8}") = "workflows", "workflows", "{BB18D9A3-E174-4A28-B8E9-B465C766317D}"
	ProjectSection(SolutionItems) = preProject
		.github\workflows\build.yaml = .github\workflows\build.yaml
	EndProjectSection
EndProject
Project("{FAE04EC0-301F-11D3-BF4B-00C04F79EFBC}") = "AIDemo.ServiceDefaults", "src\AIDemo.ServiceDefaults\AIDemo.ServiceDefaults.csproj", "{02FF5BDC-7F73-4C55-921E-122B75D3792A}"
EndProject
Project("{FAE04EC0-301F-11D3-BF4B-00C04F79EFBC}") = "AIDemo.AppHost", "src\AIDemo.AppHost\AIDemo.AppHost.csproj", "{6A5CC921-796B-4D16-84DD-0E105B48BE27}"
EndProject
Project("{FAE04EC0-301F-11D3-BF4B-00C04F79EFBC}") = "AIDemo.Contracts", "src\AIDemo.Contracts\AIDemo.Contracts.csproj", "{2B8963B6-E1C0-48FF-8A11-9CC4A23785B5}"
EndProject
Project("{FAE04EC0-301F-11D3-BF4B-00C04F79EFBC}") = "AIDemo.Entities", "src\AIDemo.Entities\AIDemo.Entities.csproj", "{F7EEFDD5-A299-4F79-9BAD-6199FC385910}"
EndProject
Project("{FAE04EC0-301F-11D3-BF4B-00C04F79EFBC}") = "AIDemo.Hubs", "src\AIDemo.Hubs\AIDemo.Hubs.csproj", "{7C955F80-4473-4F59-986F-99E3EA82F677}"
EndProject
Project("{FAE04EC0-301F-11D3-BF4B-00C04F79EFBC}") = "AIDemo.SemanticKernel", "src\AIDemo.SemanticKernel\AIDemo.SemanticKernel.csproj", "{CEDC78FB-5DB8-4F64-9196-9517F4C6DF23}"
EndProject
Project("{FAE04EC0-301F-11D3-BF4B-00C04F79EFBC}") = "AIDemo.Web", "src\AIDemo.Web\AIDemo.Web.csproj", "{071512D9-E2D9-4080-9CA8-E333B63062F6}"
EndProject
Global
	GlobalSection(SolutionConfigurationPlatforms) = preSolution
		Debug|Any CPU = Debug|Any CPU
		Release|Any CPU = Release|Any CPU
	EndGlobalSection
	GlobalSection(SolutionProperties) = preSolution
		HideSolutionNode = FALSE
	EndGlobalSection
	GlobalSection(ProjectConfigurationPlatforms) = postSolution
		{E5AB31CE-B06A-4F6B-BFFF-21E432626739}.Debug|Any CPU.ActiveCfg = Debug|Any CPU
		{E5AB31CE-B06A-4F6B-BFFF-21E432626739}.Debug|Any CPU.Build.0 = Debug|Any CPU
		{E5AB31CE-B06A-4F6B-BFFF-21E432626739}.Release|Any CPU.ActiveCfg = Release|Any CPU
		{E5AB31CE-B06A-4F6B-BFFF-21E432626739}.Release|Any CPU.Build.0 = Release|Any CPU
		{02FF5BDC-7F73-4C55-921E-122B75D3792A}.Debug|Any CPU.ActiveCfg = Debug|Any CPU
		{02FF5BDC-7F73-4C55-921E-122B75D3792A}.Debug|Any CPU.Build.0 = Debug|Any CPU
		{02FF5BDC-7F73-4C55-921E-122B75D3792A}.Release|Any CPU.ActiveCfg = Release|Any CPU
		{02FF5BDC-7F73-4C55-921E-122B75D3792A}.Release|Any CPU.Build.0 = Release|Any CPU
		{6A5CC921-796B-4D16-84DD-0E105B48BE27}.Debug|Any CPU.ActiveCfg = Debug|Any CPU
		{6A5CC921-796B-4D16-84DD-0E105B48BE27}.Debug|Any CPU.Build.0 = Debug|Any CPU
		{6A5CC921-796B-4D16-84DD-0E105B48BE27}.Release|Any CPU.ActiveCfg = Release|Any CPU
		{6A5CC921-796B-4D16-84DD-0E105B48BE27}.Release|Any CPU.Build.0 = Release|Any CPU
		{2B8963B6-E1C0-48FF-8A11-9CC4A23785B5}.Debug|Any CPU.ActiveCfg = Debug|Any CPU
		{2B8963B6-E1C0-48FF-8A11-9CC4A23785B5}.Debug|Any CPU.Build.0 = Debug|Any CPU
		{2B8963B6-E1C0-48FF-8A11-9CC4A23785B5}.Release|Any CPU.ActiveCfg = Release|Any CPU
		{2B8963B6-E1C0-48FF-8A11-9CC4A23785B5}.Release|Any CPU.Build.0 = Release|Any CPU
		{F7EEFDD5-A299-4F79-9BAD-6199FC385910}.Debug|Any CPU.ActiveCfg = Debug|Any CPU
		{F7EEFDD5-A299-4F79-9BAD-6199FC385910}.Debug|Any CPU.Build.0 = Debug|Any CPU
		{F7EEFDD5-A299-4F79-9BAD-6199FC385910}.Release|Any CPU.ActiveCfg = Release|Any CPU
		{F7EEFDD5-A299-4F79-9BAD-6199FC385910}.Release|Any CPU.Build.0 = Release|Any CPU
		{7C955F80-4473-4F59-986F-99E3EA82F677}.Debug|Any CPU.ActiveCfg = Debug|Any CPU
		{7C955F80-4473-4F59-986F-99E3EA82F677}.Debug|Any CPU.Build.0 = Debug|Any CPU
		{7C955F80-4473-4F59-986F-99E3EA82F677}.Release|Any CPU.ActiveCfg = Release|Any CPU
		{7C955F80-4473-4F59-986F-99E3EA82F677}.Release|Any CPU.Build.0 = Release|Any CPU
		{CEDC78FB-5DB8-4F64-9196-9517F4C6DF23}.Debug|Any CPU.ActiveCfg = Debug|Any CPU
		{CEDC78FB-5DB8-4F64-9196-9517F4C6DF23}.Debug|Any CPU.Build.0 = Debug|Any CPU
		{CEDC78FB-5DB8-4F64-9196-9517F4C6DF23}.Release|Any CPU.ActiveCfg = Release|Any CPU
		{CEDC78FB-5DB8-4F64-9196-9517F4C6DF23}.Release|Any CPU.Build.0 = Release|Any CPU
		{071512D9-E2D9-4080-9CA8-E333B63062F6}.Debug|Any CPU.ActiveCfg = Debug|Any CPU
		{071512D9-E2D9-4080-9CA8-E333B63062F6}.Debug|Any CPU.Build.0 = Debug|Any CPU
		{071512D9-E2D9-4080-9CA8-E333B63062F6}.Release|Any CPU.ActiveCfg = Release|Any CPU
		{071512D9-E2D9-4080-9CA8-E333B63062F6}.Release|Any CPU.Build.0 = Release|Any CPU
	EndGlobalSection
	GlobalSection(NestedProjects) = preSolution
		{367AFC48-B548-40A9-9DEC-B56979EC7082} = {7FCDD3F2-5976-443D-B5C2-AC71C062C0FB}
		{BB18D9A3-E174-4A28-B8E9-B465C766317D} = {8BFD7B1C-87A2-44FC-B09C-277F7B49EE8B}
	EndGlobalSection
EndGlobal
