
Microsoft Visual Studio Solution File, Format Version 12.00
# Visual Studio Version 17
VisualStudioVersion = 17.0.31903.59
MinimumVisualStudioVersion = 10.0.40219.1
Project("{FAE04EC0-301F-11D3-BF4B-00C04F79EFBC}") = "AIDemoWeb", "src\AIDemoWeb\AIDemoWeb.csproj", "{C368B277-F8C5-425D-8BB9-8869D90627E4}"
EndProject
Project("{2150E333-8FDC-42A3-9474-1A3956D46DE8}") = "_scripts", "_scripts", "{7FCDD3F2-5976-443D-B5C2-AC71C062C0FB}"
	ProjectSection(SolutionItems) = preProject
		script\bootstrap = script\bootstrap
		script\build = script\build
		script\clean = script\clean
		script\ef = script\ef
		script\fmt = script\fmt
		script\helpers\_utils.sh = script\helpers\_utils.sh
		script\procs\service = script\procs\service
		script\server = script\server
		script\start-services = script\start-services
		script\user-secrets = script\user-secrets
		script\watch = script\watch
		script\all = script\all
	EndProjectSection
EndProject
Project("{2150E333-8FDC-42A3-9474-1A3956D46DE8}") = "helpers", "helpers", "{367AFC48-B548-40A9-9DEC-B56979EC7082}"
	ProjectSection(SolutionItems) = preProject
		script\helpers\_utils.sh = script\helpers\_utils.sh
	EndProjectSection
EndProject
Project("{2150E333-8FDC-42A3-9474-1A3956D46DE8}") = "procs", "procs", "{40ECE3A6-C6C1-4D83-84D8-C817FB61E8F1}"
	ProjectSection(SolutionItems) = preProject
		script\procs\js-build = script\procs\js-build
		script\procs\service = script\procs\service
		script\procs\web = script\procs\web
		script\procs\ngrok = script\procs\ngrok
	EndProjectSection
EndProject
Project("{2150E333-8FDC-42A3-9474-1A3956D46DE8}") = "_build", "_build", "{8BFD7B1C-87A2-44FC-B09C-277F7B49EE8B}"
	ProjectSection(SolutionItems) = preProject
		.gitattributes = .gitattributes
		.gitignore = .gitignore
		global.json = global.json
		Procfile = Procfile
		Directory.Build.props = Directory.Build.props
		Directory.Build.targets = Directory.Build.targets
		Directory.Packages.props = Directory.Packages.props
	EndProjectSection
EndProject
Project("{2150E333-8FDC-42A3-9474-1A3956D46DE8}") = "_meta", "_meta", "{7C657BF1-2A3D-4AED-80A6-843396D4B979}"
	ProjectSection(SolutionItems) = preProject
		README.md = README.md
	EndProjectSection
EndProject
Global
	GlobalSection(SolutionConfigurationPlatforms) = preSolution
		Debug|Any CPU = Debug|Any CPU
		Release|Any CPU = Release|Any CPU
	EndGlobalSection
	GlobalSection(SolutionProperties) = preSolution
		HideSolutionNode = FALSE
	EndGlobalSection
	GlobalSection(ProjectConfigurationPlatforms) = postSolution
		{C368B277-F8C5-425D-8BB9-8869D90627E4}.Debug|Any CPU.ActiveCfg = Debug|Any CPU
		{C368B277-F8C5-425D-8BB9-8869D90627E4}.Debug|Any CPU.Build.0 = Debug|Any CPU
		{C368B277-F8C5-425D-8BB9-8869D90627E4}.Release|Any CPU.ActiveCfg = Release|Any CPU
		{C368B277-F8C5-425D-8BB9-8869D90627E4}.Release|Any CPU.Build.0 = Release|Any CPU
	EndGlobalSection
	GlobalSection(NestedProjects) = preSolution
		{367AFC48-B548-40A9-9DEC-B56979EC7082} = {7FCDD3F2-5976-443D-B5C2-AC71C062C0FB}
		{40ECE3A6-C6C1-4D83-84D8-C817FB61E8F1} = {7FCDD3F2-5976-443D-B5C2-AC71C062C0FB}
	EndGlobalSection
EndGlobal
