{
  "version": 2,
  "dependencies": {
    "net8.0": {
      "Microsoft.EntityFrameworkCore": {
        "type": "Direct",
        "requested": "[8.0.7, )",
        "resolved": "8.0.7",
        "contentHash": "UOyPNAgyzw/E4hUCurqvZxi0WWVLQAGZuntFPzkTXtvJLTqRjKvokvhv+XazAUSODLsU1DZ67GjZ4mT9d82+0g==",
        "dependencies": {
          "Microsoft.EntityFrameworkCore.Abstractions": "8.0.7",
          "Microsoft.EntityFrameworkCore.Analyzers": "8.0.7",
          "Microsoft.Extensions.Caching.Memory": "8.0.0",
          "Microsoft.Extensions.Logging": "8.0.0"
        }
      },
      "Npgsql.EntityFrameworkCore.PostgreSQL.NetTopologySuite": {
        "type": "Direct",
        "requested": "[8.0.4, )",
        "resolved": "8.0.4",
        "contentHash": "H4k6jTunSNB8VXW5GqFyq+fWUcz/u6CenUlk9vi+C5TXdMJAXbBIclcUlITjVPd/XRQvT0UnVrt8njEYrwdMRA==",
        "dependencies": {
          "Npgsql.EntityFrameworkCore.PostgreSQL": "8.0.4",
          "Npgsql.NetTopologySuite": "8.0.3"
        }
      },
      "Pgvector.EntityFrameworkCore": {
        "type": "Direct",
        "requested": "[0.2.1, )",
        "resolved": "0.2.1",
        "contentHash": "P3h1U7ajdIGqwTQZASdEMMrL5j4Kzc6s8o/1HX3Tc+zeeQPgcXMC1cymJY4ZVzEtBkL4rB9TG8PcaxxQd6kx2Q==",
        "dependencies": {
          "Npgsql.EntityFrameworkCore.PostgreSQL": "8.0.0",
          "Pgvector": "0.3.0"
        }
      },
      "Google.Apis": {
        "type": "Transitive",
        "resolved": "1.68.0",
        "contentHash": "s2MymhdpH+ybZNBeZ2J5uFgFHApBp+QXf9FjZSdM1lk/vx5VqIknJwnaWiuAzXxPrLEkesX0Q+UsiWn39yZ9zw==",
        "dependencies": {
          "Google.Apis.Core": "1.68.0"
        }
      },
      "Google.Apis.Auth": {
        "type": "Transitive",
        "resolved": "1.68.0",
        "contentHash": "hFx8Qz5bZ4w0hpnn4tSmZaaFpjAMsgVElZ+ZgVLUZ2r9i+AKcoVgwiNfv1pruNS5cCvpXqhKECbruBCfRezPHA==",
        "dependencies": {
          "Google.Apis": "1.68.0",
          "Google.Apis.Core": "1.68.0",
          "System.Management": "7.0.2"
        }
      },
      "Google.Apis.Core": {
        "type": "Transitive",
        "resolved": "1.68.0",
        "contentHash": "pAqwa6pfu53UXCR2b7A/PAPXeuVg6L1OFw38WckN27NU2+mf+KTjoEg2YGv/f0UyKxzz7DxF1urOTKg/6dTP9g==",
        "dependencies": {
          "Newtonsoft.Json": "13.0.3"
        }
      },
      "Microsoft.EntityFrameworkCore.Analyzers": {
        "type": "Transitive",
        "resolved": "8.0.7",
        "contentHash": "nerD0vEOYJVhVapamRVH9DrUYbDNMJ5bPfWze4SibDDaDaekzgwQqBht97/tV+8pgdKoPAXmtiJsB+lDajwVrQ=="
      },
      "Microsoft.Extensions.Caching.Abstractions": {
        "type": "Transitive",
        "resolved": "8.0.0",
        "contentHash": "3KuSxeHoNYdxVYfg2IRZCThcrlJ1XJqIXkAWikCsbm5C/bCjv7G0WoKDyuR98Q+T607QT2Zl5GsbGRkENcV2yQ==",
        "dependencies": {
          "Microsoft.Extensions.Primitives": "8.0.0"
        }
      },
      "Microsoft.Extensions.Caching.Memory": {
        "type": "Transitive",
        "resolved": "8.0.0",
        "contentHash": "7pqivmrZDzo1ADPkRwjy+8jtRKWRCPag9qPI+p7sgu7Q4QreWhcvbiWXsbhP+yY8XSiDvZpu2/LWdBv7PnmOpQ==",
        "dependencies": {
          "Microsoft.Extensions.Caching.Abstractions": "8.0.0",
          "Microsoft.Extensions.DependencyInjection.Abstractions": "8.0.0",
          "Microsoft.Extensions.Logging.Abstractions": "8.0.0",
          "Microsoft.Extensions.Options": "8.0.0",
          "Microsoft.Extensions.Primitives": "8.0.0"
        }
      },
      "Microsoft.Extensions.Configuration.Abstractions": {
        "type": "Transitive",
        "resolved": "8.0.0",
        "contentHash": "3lE/iLSutpgX1CC0NOW70FJoGARRHbyKmG7dc0klnUZ9Dd9hS6N/POPWhKhMLCEuNN5nXEY5agmlFtH562vqhQ==",
        "dependencies": {
          "Microsoft.Extensions.Primitives": "8.0.0"
        }
      },
      "Microsoft.Extensions.DependencyInjection": {
        "type": "Transitive",
        "resolved": "8.0.0",
        "contentHash": "V8S3bsm50ig6JSyrbcJJ8bW2b9QLGouz+G1miK3UTaOWmMtFwNNNzUf4AleyDWUmTrWMLNnFSLEQtxmxgNQnNQ==",
        "dependencies": {
          "Microsoft.Extensions.DependencyInjection.Abstractions": "8.0.0"
        }
      },
      "Microsoft.Extensions.DependencyInjection.Abstractions": {
        "type": "Transitive",
        "resolved": "8.0.0",
        "contentHash": "cjWrLkJXK0rs4zofsK4bSdg+jhDLTaxrkXu4gS6Y7MAlCvRyNNgwY/lJi5RDlQOnSZweHqoyvgvbdvQsRIW+hg=="
      },
      "Microsoft.Extensions.Logging": {
        "type": "Transitive",
        "resolved": "8.0.0",
        "contentHash": "tvRkov9tAJ3xP51LCv3FJ2zINmv1P8Hi8lhhtcKGqM+ImiTCC84uOPEI4z8Cdq2C3o9e+Aa0Gw0rmrsJD77W+w==",
        "dependencies": {
          "Microsoft.Extensions.DependencyInjection": "8.0.0",
          "Microsoft.Extensions.Logging.Abstractions": "8.0.0",
          "Microsoft.Extensions.Options": "8.0.0"
        }
      },
      "Microsoft.Extensions.Logging.Abstractions": {
        "type": "Transitive",
        "resolved": "8.0.0",
        "contentHash": "arDBqTgFCyS0EvRV7O3MZturChstm50OJ0y9bDJvAcmEPJm0FFpFyjU/JLYyStNGGey081DvnQYlncNX5SJJGA==",
        "dependencies": {
          "Microsoft.Extensions.DependencyInjection.Abstractions": "8.0.0"
        }
      },
      "Microsoft.Extensions.Options": {
        "type": "Transitive",
        "resolved": "8.0.0",
        "contentHash": "JOVOfqpnqlVLUzINQ2fox8evY2SKLYJ3BV8QDe/Jyp21u1T7r45x/R/5QdteURMR5r01GxeJSBBUOCOyaNXA3g==",
        "dependencies": {
          "Microsoft.Extensions.DependencyInjection.Abstractions": "8.0.0",
          "Microsoft.Extensions.Primitives": "8.0.0"
        }
      },
      "Microsoft.Extensions.Primitives": {
        "type": "Transitive",
        "resolved": "8.0.0",
        "contentHash": "bXJEZrW9ny8vjMF1JV253WeLhpEVzFo1lyaZu1vQ4ZxWUlVvknZ/+ftFgVheLubb4eZPSwwxBeqS1JkCOjxd8g=="
      },
      "NetTopologySuite": {
        "type": "Transitive",
        "resolved": "2.5.0",
        "contentHash": "5/+2O2ADomEdUn09mlSigACdqvAf0m/pVPGtIPEPQWnyrVykYY0NlfXLIdkMgi41kvH9kNrPqYaFBTZtHYH7Xw==",
        "dependencies": {
          "System.Memory": "4.5.4"
        }
      },
      "NetTopologySuite.IO.PostGis": {
        "type": "Transitive",
        "resolved": "2.1.0",
        "contentHash": "3W8XTFz8iP6GQ5jDXK1/LANHiU+988k1kmmuPWNKcJLpmSg6CvFpbTpz+s4+LBzkAp64wHGOldSlkSuzYfrIKA==",
        "dependencies": {
          "NetTopologySuite": "[2.0.0, 3.0.0-A)"
        }
      },
      "Newtonsoft.Json": {
        "type": "Transitive",
        "resolved": "13.0.3",
        "contentHash": "HrC5BXdl00IP9zeV+0Z848QWPAoCr9P3bDEZguI+gkLcBKAOxix/tLEAAHC+UvDNPv4a2d18lOReHMOagPa+zQ=="
      },
      "Npgsql": {
        "type": "Transitive",
        "resolved": "8.0.3",
        "contentHash": "6WEmzsQJCZAlUG1pThKg/RmeF6V+I0DmBBBE/8YzpRtEzhyZzKcK7ulMANDm5CkxrALBEC8H+5plxHWtIL7xnA==",
        "dependencies": {
          "Microsoft.Extensions.Logging.Abstractions": "8.0.0"
        }
      },
      "Npgsql.NetTopologySuite": {
        "type": "Transitive",
        "resolved": "8.0.3",
        "contentHash": "Lvz8BOojjhbn9hA9D7+NLUfj5poKhU4wAgKWC9Gj5fFt73JZpMBdm9tea0yyXPR89GYa7nhYpPYP2L28lBb1Wg==",
        "dependencies": {
          "NetTopologySuite": "2.5.0",
          "NetTopologySuite.IO.PostGIS": "2.1.0",
          "Npgsql": "8.0.3"
        }
      },
      "Pgvector": {
        "type": "Transitive",
        "resolved": "0.3.0",
        "contentHash": "asa5XkgE3rXCNi5qHGavWZ5w+pmqWjjM1T5vN5VuPaKqV52h4TLiOM9ZJFofYgYtfhReo1QWe4NeD+hbv7ydfw==",
        "dependencies": {
          "Npgsql": "8.0.3"
        }
      },
      "System.CodeDom": {
        "type": "Transitive",
        "resolved": "7.0.0",
        "contentHash": "GLltyqEsE5/3IE+zYRP5sNa1l44qKl9v+bfdMcwg+M9qnQf47wK3H0SUR/T+3N4JEQXF3vV4CSuuo0rsg+nq2A=="
      },
      "System.Management": {
        "type": "Transitive",
        "resolved": "7.0.2",
        "contentHash": "/qEUN91mP/MUQmJnM5y5BdT7ZoPuVrtxnFlbJ8a3kBJGhe2wCzBfnPFtK2wTtEEcf3DMGR9J00GZZfg6HRI6yA==",
        "dependencies": {
          "System.CodeDom": "7.0.0"
        }
      },
      "System.Memory": {
        "type": "Transitive",
        "resolved": "4.5.4",
        "contentHash": "1MbJTHS1lZ4bS4FmsJjnuGJOu88ZzTT2rLvrhW7Ygic+pC0NWA+3hgAen0HRdsocuQXCkUTdFn9yHJJhsijDXw=="
      },
      "System.Net.Http.Json": {
        "type": "Transitive",
        "resolved": "8.0.0",
        "contentHash": "48Bxrd6zcGeQzS4GMEDVjuqCcAw/9wcEWnIu48FQJ5IzfKPiMR1nGtz9LrvGzU4+3TLbx/9FDlGmCUeLin1Eqg==",
        "dependencies": {
          "System.Text.Json": "8.0.0"
        }
      },
      "System.Text.Encodings.Web": {
        "type": "Transitive",
        "resolved": "8.0.0",
        "contentHash": "yev/k9GHAEGx2Rg3/tU6MQh4HGBXJs70y7j1LaM1i/ER9po+6nnQ6RRqTJn1E7Xu0fbIFK80Nh5EoODxrbxwBQ=="
      },
      "aidemo.contracts": {
        "type": "Project",
        "dependencies": {
          "Google.Apis.PeopleService.v1": "[1.68.0.3359, )",
          "Microsoft.EntityFrameworkCore.Abstractions": "[8.0.7, )",
          "refit": "[7.1.2, )"
        }
      },
      "Google.Apis.PeopleService.v1": {
        "type": "CentralTransitive",
        "requested": "[1.68.0.3359, )",
        "resolved": "1.68.0.3359",
        "contentHash": "zD4nrGQDZqkbap9mET1c9VlpyjjAqz0hZIR0tcqT8aLPlOTj+J1Mvzm+otZ6lFpt8JEltKUZNj+pDu0D7nNVGg==",
        "dependencies": {
          "Google.Apis": "1.68.0",
          "Google.Apis.Auth": "1.68.0"
        }
      },
      "Microsoft.EntityFrameworkCore.Abstractions": {
        "type": "CentralTransitive",
        "requested": "[8.0.7, )",
        "resolved": "8.0.7",
        "contentHash": "DHX6nxcg4/tpWfTjAleKrXveDiNFY/OGOK6nm27GipUXNI2Uofev9cH5SYXmtGIgHWxlvfn754TXN4WnrixOwg=="
      },
      "Microsoft.EntityFrameworkCore.Relational": {
        "type": "CentralTransitive",
        "requested": "[8.0.7, )",
        "resolved": "8.0.4",
        "contentHash": "aWLT6e9a8oMzXgF0YQpYYa3mDeU+yb2UQSQ+RrIgyGgSpzPfSKgpA7v2kOVDuZr2AQ6NNAlWPaBG7wZuKQI96w==",
        "dependencies": {
          "Microsoft.EntityFrameworkCore": "8.0.4",
          "Microsoft.Extensions.Configuration.Abstractions": "8.0.0"
        }
      },
      "Npgsql.EntityFrameworkCore.PostgreSQL": {
        "type": "CentralTransitive",
        "requested": "[8.0.4, )",
        "resolved": "8.0.4",
        "contentHash": "/hHd9MqTRVDgIpsToCcxMDxZqla0HAQACiITkq1+L9J2hmHKV6lBAPlauF+dlNSfHpus7rrljWx4nAanKD6qAw==",
        "dependencies": {
          "Microsoft.EntityFrameworkCore": "8.0.4",
          "Microsoft.EntityFrameworkCore.Abstractions": "8.0.4",
          "Microsoft.EntityFrameworkCore.Relational": "8.0.4",
          "Npgsql": "8.0.3"
        }
      },
      "Refit": {
        "type": "CentralTransitive",
        "requested": "[7.1.2, )",
        "resolved": "7.1.2",
        "contentHash": "ZB1ZgciDq/lNz3OAPfYah4rCVYeI4LMxEksYUff8p4Bth9uf/8WQCXuzMckRJjh3NLysuwdCNkgxnezCm1SqTw==",
        "dependencies": {
          "System.Net.Http.Json": "8.0.0"
        }
      },
      "System.Text.Json": {
        "type": "CentralTransitive",
        "requested": "[8.0.4, )",
        "resolved": "8.0.0",
        "contentHash": "OdrZO2WjkiEG6ajEFRABTRCi/wuXQPxeV6g8xvUJqdxMvvuCCEk86zPla8UiIQJz3durtUEbNyY/3lIhS0yZvQ==",
        "dependencies": {
          "System.Text.Encodings.Web": "8.0.0"
        }
      }
    }
  }
}